
Microsoft Visual Studio Solution File, Format Version 12.00
# Visual Studio Version 17
VisualStudioVersion = 17.0.32014.148
MinimumVisualStudioVersion = 10.0.40219.1
Project("{9A19103F-16F7-4668-BE54-9A1E7A4F7556}") = "eCommerce", "eCommerce\eCommerce.csproj", "{77C6242C-98E8-4370-A038-F24AF49A83EB}"
EndProject
Project("{9A19103F-16F7-4668-BE54-9A1E7A4F7556}") = "eCommerce.dal", "eCommerce.dal\eCommerce.dal.csproj", "{B4BF08C2-8BF1-403F-90E0-EA5130B74898}"
EndProject
Project("{9A19103F-16F7-4668-BE54-9A1E7A4F7556}") = "eCommerce.bll", "eCommerce.bll\eCommerce.bll.csproj", "{946652D0-40A9-40B7-AFF9-102D2CF79C2E}"
EndProject
Global
	GlobalSection(SolutionConfigurationPlatforms) = preSolution
		Debug|Any CPU = Debug|Any CPU
		Release|Any CPU = Release|Any CPU
	EndGlobalSection
	GlobalSection(ProjectConfigurationPlatforms) = postSolution
		{77C6242C-98E8-4370-A038-F24AF49A83EB}.Debug|Any CPU.ActiveCfg = Debug|Any CPU
		{77C6242C-98E8-4370-A038-F24AF49A83EB}.Debug|Any CPU.Build.0 = Debug|Any CPU
		{77C6242C-98E8-4370-A038-F24AF49A83EB}.Release|Any CPU.ActiveCfg = Release|Any CPU
		{77C6242C-98E8-4370-A038-F24AF49A83EB}.Release|Any CPU.Build.0 = Release|Any CPU
		{B4BF08C2-8BF1-403F-90E0-EA5130B74898}.Debug|Any CPU.ActiveCfg = Debug|Any CPU
		{B4BF08C2-8BF1-403F-90E0-EA5130B74898}.Debug|Any CPU.Build.0 = Debug|Any CPU
		{B4BF08C2-8BF1-403F-90E0-EA5130B74898}.Release|Any CPU.ActiveCfg = Release|Any CPU
		{B4BF08C2-8BF1-403F-90E0-EA5130B74898}.Release|Any CPU.Build.0 = Release|Any CPU
		{946652D0-40A9-40B7-AFF9-102D2CF79C2E}.Debug|Any CPU.ActiveCfg = Debug|Any CPU
		{946652D0-40A9-40B7-AFF9-102D2CF79C2E}.Debug|Any CPU.Build.0 = Debug|Any CPU
		{946652D0-40A9-40B7-AFF9-102D2CF79C2E}.Release|Any CPU.ActiveCfg = Release|Any CPU
		{946652D0-40A9-40B7-AFF9-102D2CF79C2E}.Release|Any CPU.Build.0 = Release|Any CPU
	EndGlobalSection
	GlobalSection(SolutionProperties) = preSolution
		HideSolutionNode = FALSE
	EndGlobalSection
	GlobalSection(ExtensibilityGlobals) = postSolution
		SolutionGuid = {F5728560-E415-43D1-8364-CEE6DC2831F8}
	EndGlobalSection
EndGlobal
